
Microsoft Visual Studio Solution File, Format Version 12.00
# Visual Studio Version 17
VisualStudioVersion = 17.0.31903.59
MinimumVisualStudioVersion = 10.0.40219.1
Project("{9A19103F-16F7-4668-BE54-9A1E7A4F7556}") = "Simscop.Pl.Core", "Simscop.Pl.Core\Simscop.Pl.Core.csproj", "{BC8AB5AE-9789-448E-BBDD-71DA5DC8CC99}"
EndProject
Project("{9A19103F-16F7-4668-BE54-9A1E7A4F7556}") = "Test.Simscop.Pl.Core", "..\test\Test.Simscop.Pl.Core\Test.Simscop.Pl.Core.csproj", "{F9CC6E4E-2ED1-446E-BD9C-8C4669D1A90E}"
EndProject
Project("{2150E333-8FDC-42A3-9474-1A3956D46DE8}") = "test", "test", "{4796B84E-3A3A-481E-887D-BCC49FA6A9BA}"
EndProject
Project("{9A19103F-16F7-4668-BE54-9A1E7A4F7556}") = "Simscop.Pl.Hardware", "Simscop.Pl.Hardware\Simscop.Pl.Hardware.csproj", "{A33AAEBD-AC5E-4FDB-B6D3-5CB9C5EAA0CB}"
EndProject
Project("{9A19103F-16F7-4668-BE54-9A1E7A4F7556}") = "Test.Simscop.Pl.Hardware", "..\test\Test.Simscop.Pl.Hardware\Test.Simscop.Pl.Hardware.csproj", "{B8C5C8AE-4C62-4D85-817E-2E92070B0E3B}"
EndProject
Project("{2150E333-8FDC-42A3-9474-1A3956D46DE8}") = "external", "external", "{0642B2C4-EABA-4791-9175-45A44BFDBF3B}"
EndProject
Project("{9A19103F-16F7-4668-BE54-9A1E7A4F7556}") = "Simscop.Pl.Ui", "Simscop.Pl.Ui\Simscop.Pl.Ui.csproj", "{CEA891BF-4AA6-4BF1-B278-F18103537662}"
EndProject
Project("{2150E333-8FDC-42A3-9474-1A3956D46DE8}") = "examples", "examples", "{F1666F27-84B6-4B66-9A7F-CA4AFB8907BD}"
EndProject
Project("{9A19103F-16F7-4668-BE54-9A1E7A4F7556}") = "Example.Spectrometer", "..\examples\Example.Spectrometer\Example.Spectrometer.csproj", "{EAFCA08A-F6C1-45D1-B402-FCABF836BC15}"
EndProject
Project("{2150E333-8FDC-42A3-9474-1A3956D46DE8}") = "benchmarks", "benchmarks", "{2A396659-B485-460E-A937-DA6AAD39BAB5}"
EndProject
Project("{9A19103F-16F7-4668-BE54-9A1E7A4F7556}") = "Fake.Hardware", "..\test\Fake.Hardware\Fake.Hardware.csproj", "{C8750EF4-94C4-4C23-8496-4CD35FDFF909}"
EndProject
Project("{9A19103F-16F7-4668-BE54-9A1E7A4F7556}") = "Simscop.Pl.WPF", "Simscop.Pl.WPF\Simscop.Pl.WPF.csproj", "{D7380C78-F81F-491F-91A5-369C996DF160}"
EndProject
Project("{9A19103F-16F7-4668-BE54-9A1E7A4F7556}") = "Lift.UI", "..\..\08 lift\ui\src\Lift.UI\Lift.UI.csproj", "{BE12A100-B24A-4FBA-A071-CCDFDC88ED93}"
EndProject
Project("{9A19103F-16F7-4668-BE54-9A1E7A4F7556}") = "Example.Demo.ImageExt", "Example.Demo.ImageExt\Example.Demo.ImageExt.csproj", "{A460E94B-A9B7-4377-BBE3-64C74B0F28B0}"
EndProject
Global
	GlobalSection(SolutionConfigurationPlatforms) = preSolution
		Debug|Any CPU = Debug|Any CPU
		Debug|x64 = Debug|x64
		Debug|x86 = Debug|x86
		Release|Any CPU = Release|Any CPU
		Release|x64 = Release|x64
		Release|x86 = Release|x86
	EndGlobalSection
	GlobalSection(ProjectConfigurationPlatforms) = postSolution
		{BC8AB5AE-9789-448E-BBDD-71DA5DC8CC99}.Debug|Any CPU.ActiveCfg = Debug|x86
		{BC8AB5AE-9789-448E-BBDD-71DA5DC8CC99}.Debug|Any CPU.Build.0 = Debug|x86
		{BC8AB5AE-9789-448E-BBDD-71DA5DC8CC99}.Debug|x64.ActiveCfg = Debug|x64
		{BC8AB5AE-9789-448E-BBDD-71DA5DC8CC99}.Debug|x64.Build.0 = Debug|x64
		{BC8AB5AE-9789-448E-BBDD-71DA5DC8CC99}.Debug|x86.ActiveCfg = Debug|x86
		{BC8AB5AE-9789-448E-BBDD-71DA5DC8CC99}.Debug|x86.Build.0 = Debug|x86
		{BC8AB5AE-9789-448E-BBDD-71DA5DC8CC99}.Release|Any CPU.ActiveCfg = Release|Any CPU
		{BC8AB5AE-9789-448E-BBDD-71DA5DC8CC99}.Release|Any CPU.Build.0 = Release|Any CPU
		{BC8AB5AE-9789-448E-BBDD-71DA5DC8CC99}.Release|x64.ActiveCfg = Release|x64
		{BC8AB5AE-9789-448E-BBDD-71DA5DC8CC99}.Release|x64.Build.0 = Release|x64
		{BC8AB5AE-9789-448E-BBDD-71DA5DC8CC99}.Release|x86.ActiveCfg = Release|x86
		{BC8AB5AE-9789-448E-BBDD-71DA5DC8CC99}.Release|x86.Build.0 = Release|x86
		{F9CC6E4E-2ED1-446E-BD9C-8C4669D1A90E}.Debug|Any CPU.ActiveCfg = Debug|x86
		{F9CC6E4E-2ED1-446E-BD9C-8C4669D1A90E}.Debug|Any CPU.Build.0 = Debug|x86
		{F9CC6E4E-2ED1-446E-BD9C-8C4669D1A90E}.Debug|x64.ActiveCfg = Debug|x64
		{F9CC6E4E-2ED1-446E-BD9C-8C4669D1A90E}.Debug|x64.Build.0 = Debug|x64
		{F9CC6E4E-2ED1-446E-BD9C-8C4669D1A90E}.Debug|x86.ActiveCfg = Debug|x86
		{F9CC6E4E-2ED1-446E-BD9C-8C4669D1A90E}.Debug|x86.Build.0 = Debug|x86
		{F9CC6E4E-2ED1-446E-BD9C-8C4669D1A90E}.Release|Any CPU.ActiveCfg = Release|Any CPU
		{F9CC6E4E-2ED1-446E-BD9C-8C4669D1A90E}.Release|Any CPU.Build.0 = Release|Any CPU
		{F9CC6E4E-2ED1-446E-BD9C-8C4669D1A90E}.Release|x64.ActiveCfg = Release|x64
		{F9CC6E4E-2ED1-446E-BD9C-8C4669D1A90E}.Release|x64.Build.0 = Release|x64
		{F9CC6E4E-2ED1-446E-BD9C-8C4669D1A90E}.Release|x86.ActiveCfg = Release|x86
		{F9CC6E4E-2ED1-446E-BD9C-8C4669D1A90E}.Release|x86.Build.0 = Release|x86
		{A33AAEBD-AC5E-4FDB-B6D3-5CB9C5EAA0CB}.Debug|Any CPU.ActiveCfg = Debug|x86
		{A33AAEBD-AC5E-4FDB-B6D3-5CB9C5EAA0CB}.Debug|Any CPU.Build.0 = Debug|x86
		{A33AAEBD-AC5E-4FDB-B6D3-5CB9C5EAA0CB}.Debug|x64.ActiveCfg = Debug|x64
		{A33AAEBD-AC5E-4FDB-B6D3-5CB9C5EAA0CB}.Debug|x64.Build.0 = Debug|x64
		{A33AAEBD-AC5E-4FDB-B6D3-5CB9C5EAA0CB}.Debug|x86.ActiveCfg = Debug|x86
		{A33AAEBD-AC5E-4FDB-B6D3-5CB9C5EAA0CB}.Debug|x86.Build.0 = Debug|x86
		{A33AAEBD-AC5E-4FDB-B6D3-5CB9C5EAA0CB}.Release|Any CPU.ActiveCfg = Release|Any CPU
		{A33AAEBD-AC5E-4FDB-B6D3-5CB9C5EAA0CB}.Release|Any CPU.Build.0 = Release|Any CPU
		{A33AAEBD-AC5E-4FDB-B6D3-5CB9C5EAA0CB}.Release|x64.ActiveCfg = Release|x64
		{A33AAEBD-AC5E-4FDB-B6D3-5CB9C5EAA0CB}.Release|x64.Build.0 = Release|x64
		{A33AAEBD-AC5E-4FDB-B6D3-5CB9C5EAA0CB}.Release|x86.ActiveCfg = Release|x86
		{A33AAEBD-AC5E-4FDB-B6D3-5CB9C5EAA0CB}.Release|x86.Build.0 = Release|x86
		{B8C5C8AE-4C62-4D85-817E-2E92070B0E3B}.Debug|Any CPU.ActiveCfg = Debug|x86
		{B8C5C8AE-4C62-4D85-817E-2E92070B0E3B}.Debug|Any CPU.Build.0 = Debug|x86
		{B8C5C8AE-4C62-4D85-817E-2E92070B0E3B}.Debug|x64.ActiveCfg = Debug|x64
		{B8C5C8AE-4C62-4D85-817E-2E92070B0E3B}.Debug|x64.Build.0 = Debug|x64
		{B8C5C8AE-4C62-4D85-817E-2E92070B0E3B}.Debug|x86.ActiveCfg = Debug|x86
		{B8C5C8AE-4C62-4D85-817E-2E92070B0E3B}.Debug|x86.Build.0 = Debug|x86
		{B8C5C8AE-4C62-4D85-817E-2E92070B0E3B}.Release|Any CPU.ActiveCfg = Release|Any CPU
		{B8C5C8AE-4C62-4D85-817E-2E92070B0E3B}.Release|Any CPU.Build.0 = Release|Any CPU
		{B8C5C8AE-4C62-4D85-817E-2E92070B0E3B}.Release|x64.ActiveCfg = Release|x64
		{B8C5C8AE-4C62-4D85-817E-2E92070B0E3B}.Release|x64.Build.0 = Release|x64
		{B8C5C8AE-4C62-4D85-817E-2E92070B0E3B}.Release|x86.ActiveCfg = Release|x86
		{B8C5C8AE-4C62-4D85-817E-2E92070B0E3B}.Release|x86.Build.0 = Release|x86
		{CEA891BF-4AA6-4BF1-B278-F18103537662}.Debug|Any CPU.ActiveCfg = Debug|x86
		{CEA891BF-4AA6-4BF1-B278-F18103537662}.Debug|Any CPU.Build.0 = Debug|x86
		{CEA891BF-4AA6-4BF1-B278-F18103537662}.Debug|x64.ActiveCfg = Debug|x64
		{CEA891BF-4AA6-4BF1-B278-F18103537662}.Debug|x64.Build.0 = Debug|x64
		{CEA891BF-4AA6-4BF1-B278-F18103537662}.Debug|x86.ActiveCfg = Debug|x86
		{CEA891BF-4AA6-4BF1-B278-F18103537662}.Debug|x86.Build.0 = Debug|x86
		{CEA891BF-4AA6-4BF1-B278-F18103537662}.Release|Any CPU.ActiveCfg = Release|Any CPU
		{CEA891BF-4AA6-4BF1-B278-F18103537662}.Release|Any CPU.Build.0 = Release|Any CPU
		{CEA891BF-4AA6-4BF1-B278-F18103537662}.Release|x64.ActiveCfg = Release|x64
		{CEA891BF-4AA6-4BF1-B278-F18103537662}.Release|x64.Build.0 = Release|x64
		{CEA891BF-4AA6-4BF1-B278-F18103537662}.Release|x86.ActiveCfg = Release|x86
		{CEA891BF-4AA6-4BF1-B278-F18103537662}.Release|x86.Build.0 = Release|x86
		{EAFCA08A-F6C1-45D1-B402-FCABF836BC15}.Debug|Any CPU.ActiveCfg = Debug|x86
		{EAFCA08A-F6C1-45D1-B402-FCABF836BC15}.Debug|Any CPU.Build.0 = Debug|x86
		{EAFCA08A-F6C1-45D1-B402-FCABF836BC15}.Debug|x64.ActiveCfg = Debug|x64
		{EAFCA08A-F6C1-45D1-B402-FCABF836BC15}.Debug|x64.Build.0 = Debug|x64
		{EAFCA08A-F6C1-45D1-B402-FCABF836BC15}.Debug|x86.ActiveCfg = Debug|x86
		{EAFCA08A-F6C1-45D1-B402-FCABF836BC15}.Debug|x86.Build.0 = Debug|x86
		{EAFCA08A-F6C1-45D1-B402-FCABF836BC15}.Release|Any CPU.ActiveCfg = Release|Any CPU
		{EAFCA08A-F6C1-45D1-B402-FCABF836BC15}.Release|Any CPU.Build.0 = Release|Any CPU
		{EAFCA08A-F6C1-45D1-B402-FCABF836BC15}.Release|x64.ActiveCfg = Release|x64
		{EAFCA08A-F6C1-45D1-B402-FCABF836BC15}.Release|x64.Build.0 = Release|x64
		{EAFCA08A-F6C1-45D1-B402-FCABF836BC15}.Release|x86.ActiveCfg = Release|x86
		{EAFCA08A-F6C1-45D1-B402-FCABF836BC15}.Release|x86.Build.0 = Release|x86
		{C8750EF4-94C4-4C23-8496-4CD35FDFF909}.Debug|Any CPU.ActiveCfg = Debug|x86
		{C8750EF4-94C4-4C23-8496-4CD35FDFF909}.Debug|Any CPU.Build.0 = Debug|x86
		{C8750EF4-94C4-4C23-8496-4CD35FDFF909}.Debug|x64.ActiveCfg = Debug|x64
		{C8750EF4-94C4-4C23-8496-4CD35FDFF909}.Debug|x64.Build.0 = Debug|x64
		{C8750EF4-94C4-4C23-8496-4CD35FDFF909}.Debug|x86.ActiveCfg = Debug|x86
		{C8750EF4-94C4-4C23-8496-4CD35FDFF909}.Debug|x86.Build.0 = Debug|x86
		{C8750EF4-94C4-4C23-8496-4CD35FDFF909}.Release|Any CPU.ActiveCfg = Release|Any CPU
		{C8750EF4-94C4-4C23-8496-4CD35FDFF909}.Release|Any CPU.Build.0 = Release|Any CPU
		{C8750EF4-94C4-4C23-8496-4CD35FDFF909}.Release|x64.ActiveCfg = Release|x64
		{C8750EF4-94C4-4C23-8496-4CD35FDFF909}.Release|x64.Build.0 = Release|x64
		{C8750EF4-94C4-4C23-8496-4CD35FDFF909}.Release|x86.ActiveCfg = Release|x86
		{C8750EF4-94C4-4C23-8496-4CD35FDFF909}.Release|x86.Build.0 = Release|x86
		{D7380C78-F81F-491F-91A5-369C996DF160}.Debug|Any CPU.ActiveCfg = Debug|x86
		{D7380C78-F81F-491F-91A5-369C996DF160}.Debug|Any CPU.Build.0 = Debug|x86
		{D7380C78-F81F-491F-91A5-369C996DF160}.Debug|x64.ActiveCfg = Debug|x86
		{D7380C78-F81F-491F-91A5-369C996DF160}.Debug|x64.Build.0 = Debug|x86
		{D7380C78-F81F-491F-91A5-369C996DF160}.Debug|x86.ActiveCfg = Debug|x86
		{D7380C78-F81F-491F-91A5-369C996DF160}.Debug|x86.Build.0 = Debug|x86
		{D7380C78-F81F-491F-91A5-369C996DF160}.Release|Any CPU.ActiveCfg = Release|Any CPU
		{D7380C78-F81F-491F-91A5-369C996DF160}.Release|Any CPU.Build.0 = Release|Any CPU
		{D7380C78-F81F-491F-91A5-369C996DF160}.Release|x64.ActiveCfg = Release|Any CPU
		{D7380C78-F81F-491F-91A5-369C996DF160}.Release|x64.Build.0 = Release|Any CPU
		{D7380C78-F81F-491F-91A5-369C996DF160}.Release|x86.ActiveCfg = Release|x86
		{D7380C78-F81F-491F-91A5-369C996DF160}.Release|x86.Build.0 = Release|x86
		{BE12A100-B24A-4FBA-A071-CCDFDC88ED93}.Debug|Any CPU.ActiveCfg = Debug|Any CPU
		{BE12A100-B24A-4FBA-A071-CCDFDC88ED93}.Debug|Any CPU.Build.0 = Debug|Any CPU
		{BE12A100-B24A-4FBA-A071-CCDFDC88ED93}.Debug|x64.ActiveCfg = Debug|Any CPU
		{BE12A100-B24A-4FBA-A071-CCDFDC88ED93}.Debug|x64.Build.0 = Debug|Any CPU
		{BE12A100-B24A-4FBA-A071-CCDFDC88ED93}.Debug|x86.ActiveCfg = Debug|x86
		{BE12A100-B24A-4FBA-A071-CCDFDC88ED93}.Debug|x86.Build.0 = Debug|x86
		{BE12A100-B24A-4FBA-A071-CCDFDC88ED93}.Release|Any CPU.ActiveCfg = Release|Any CPU
		{BE12A100-B24A-4FBA-A071-CCDFDC88ED93}.Release|Any CPU.Build.0 = Release|Any CPU
		{BE12A100-B24A-4FBA-A071-CCDFDC88ED93}.Release|x64.ActiveCfg = Release|Any CPU
		{BE12A100-B24A-4FBA-A071-CCDFDC88ED93}.Release|x64.Build.0 = Release|Any CPU
		{BE12A100-B24A-4FBA-A071-CCDFDC88ED93}.Release|x86.ActiveCfg = Release|Any CPU
		{BE12A100-B24A-4FBA-A071-CCDFDC88ED93}.Release|x86.Build.0 = Release|Any CPU
		{A460E94B-A9B7-4377-BBE3-64C74B0F28B0}.Debug|Any CPU.ActiveCfg = Debug|Any CPU
		{A460E94B-A9B7-4377-BBE3-64C74B0F28B0}.Debug|Any CPU.Build.0 = Debug|Any CPU
		{A460E94B-A9B7-4377-BBE3-64C74B0F28B0}.Debug|x64.ActiveCfg = Debug|Any CPU
		{A460E94B-A9B7-4377-BBE3-64C74B0F28B0}.Debug|x64.Build.0 = Debug|Any CPU
		{A460E94B-A9B7-4377-BBE3-64C74B0F28B0}.Debug|x86.ActiveCfg = Debug|x86
		{A460E94B-A9B7-4377-BBE3-64C74B0F28B0}.Debug|x86.Build.0 = Debug|x86
		{A460E94B-A9B7-4377-BBE3-64C74B0F28B0}.Release|Any CPU.ActiveCfg = Release|Any CPU
		{A460E94B-A9B7-4377-BBE3-64C74B0F28B0}.Release|Any CPU.Build.0 = Release|Any CPU
		{A460E94B-A9B7-4377-BBE3-64C74B0F28B0}.Release|x64.ActiveCfg = Release|Any CPU
		{A460E94B-A9B7-4377-BBE3-64C74B0F28B0}.Release|x64.Build.0 = Release|Any CPU
		{A460E94B-A9B7-4377-BBE3-64C74B0F28B0}.Release|x86.ActiveCfg = Release|Any CPU
		{A460E94B-A9B7-4377-BBE3-64C74B0F28B0}.Release|x86.Build.0 = Release|Any CPU
	EndGlobalSection
	GlobalSection(SolutionProperties) = preSolution
		HideSolutionNode = FALSE
	EndGlobalSection
	GlobalSection(NestedProjects) = preSolution
		{F9CC6E4E-2ED1-446E-BD9C-8C4669D1A90E} = {4796B84E-3A3A-481E-887D-BCC49FA6A9BA}
		{B8C5C8AE-4C62-4D85-817E-2E92070B0E3B} = {4796B84E-3A3A-481E-887D-BCC49FA6A9BA}
		{EAFCA08A-F6C1-45D1-B402-FCABF836BC15} = {F1666F27-84B6-4B66-9A7F-CA4AFB8907BD}
		{C8750EF4-94C4-4C23-8496-4CD35FDFF909} = {4796B84E-3A3A-481E-887D-BCC49FA6A9BA}
		{BE12A100-B24A-4FBA-A071-CCDFDC88ED93} = {0642B2C4-EABA-4791-9175-45A44BFDBF3B}
		{A460E94B-A9B7-4377-BBE3-64C74B0F28B0} = {F1666F27-84B6-4B66-9A7F-CA4AFB8907BD}
	EndGlobalSection
	GlobalSection(ExtensibilityGlobals) = postSolution
		SolutionGuid = {F5792221-9468-425D-BEB6-3515A1F6779A}
	EndGlobalSection
EndGlobal
